// !$*UTF8*$!
{
	archiveVersion = 1;
	classes = {
	};
	objectVersion = 56;
	objects = {

/* Begin PBXBuildFile section */
		A17248BB295EAC63B449EFC7 /* Pods_FatSecretAnup.framework in Frameworks */ = {isa = PBXBuildFile; fileRef = 2F5589ABC49FD2FB2B16A100 /* Pods_FatSecretAnup.framework */; };
		CA02F3F72B324A370032EC50 /* AppDelegate.swift in Sources */ = {isa = PBXBuildFile; fileRef = CA02F3F62B324A370032EC50 /* AppDelegate.swift */; };
		CA02F3F92B324A370032EC50 /* SceneDelegate.swift in Sources */ = {isa = PBXBuildFile; fileRef = CA02F3F82B324A370032EC50 /* SceneDelegate.swift */; };
		CA02F4002B324A390032EC50 /* Assets.xcassets in Resources */ = {isa = PBXBuildFile; fileRef = CA02F3FF2B324A390032EC50 /* Assets.xcassets */; };
		CA02F4032B324A390032EC50 /* LaunchScreen.storyboard in Resources */ = {isa = PBXBuildFile; fileRef = CA02F4012B324A390032EC50 /* LaunchScreen.storyboard */; };
		CA02F40B2B3266220032EC50 /* DiaryViewController.swift in Sources */ = {isa = PBXBuildFile; fileRef = CA02F40A2B3266220032EC50 /* DiaryViewController.swift */; };
		CA02F40D2B3266CA0032EC50 /* PremiumViewController.swift in Sources */ = {isa = PBXBuildFile; fileRef = CA02F40C2B3266CA0032EC50 /* PremiumViewController.swift */; };
		CA02F40F2B327E960032EC50 /* TabBarController.swift in Sources */ = {isa = PBXBuildFile; fileRef = CA02F40E2B327E960032EC50 /* TabBarController.swift */; };
		CA02F4112B33F8730032EC50 /* HomeViewController.swift in Sources */ = {isa = PBXBuildFile; fileRef = CA02F4102B33F8730032EC50 /* HomeViewController.swift */; };
		CA02F4132B3400FD0032EC50 /* ReportsViewController.swift in Sources */ = {isa = PBXBuildFile; fileRef = CA02F4122B3400FD0032EC50 /* ReportsViewController.swift */; };
		CA02F4152B3406FD0032EC50 /* MeViewController.swift in Sources */ = {isa = PBXBuildFile; fileRef = CA02F4142B3406FD0032EC50 /* MeViewController.swift */; };
		CA02F4172B3505E10032EC50 /* GeneralExtensions.swift in Sources */ = {isa = PBXBuildFile; fileRef = CA02F4162B3505E10032EC50 /* GeneralExtensions.swift */; };
		CA02F4192B381A060032EC50 /* TabBarViewModel.swift in Sources */ = {isa = PBXBuildFile; fileRef = CA02F4182B381A060032EC50 /* TabBarViewModel.swift */; };
		CA02F41E2B38200D0032EC50 /* TabBarModel.swift in Sources */ = {isa = PBXBuildFile; fileRef = CA02F41D2B38200D0032EC50 /* TabBarModel.swift */; };
		CA02F4212B3820A30032EC50 /* TabBarData.swift in Sources */ = {isa = PBXBuildFile; fileRef = CA02F4202B3820A30032EC50 /* TabBarData.swift */; };
		CA02F4262B3AA45F0032EC50 /* DiaryViewModel.swift in Sources */ = {isa = PBXBuildFile; fileRef = CA02F4252B3AA45E0032EC50 /* DiaryViewModel.swift */; };
		CA02F42A2B3AAD070032EC50 /* HomeViewModel.swift in Sources */ = {isa = PBXBuildFile; fileRef = CA02F4292B3AAD070032EC50 /* HomeViewModel.swift */; };
		CA02F42C2B3AB1EC0032EC50 /* MeViewModel.swift in Sources */ = {isa = PBXBuildFile; fileRef = CA02F42B2B3AB1EC0032EC50 /* MeViewModel.swift */; };
		CA02F42E2B3AB2000032EC50 /* ReportsViewModel.swift in Sources */ = {isa = PBXBuildFile; fileRef = CA02F42D2B3AB2000032EC50 /* ReportsViewModel.swift */; };
		CA02F4302B3AB2130032EC50 /* PremiumViewModel.swift in Sources */ = {isa = PBXBuildFile; fileRef = CA02F42F2B3AB2130032EC50 /* PremiumViewModel.swift */; };
		CA02F4E32B41A2BA0032EC50 /* CustomCollectionViewCell.swift in Sources */ = {isa = PBXBuildFile; fileRef = CA02F4E22B41A2BA0032EC50 /* CustomCollectionViewCell.swift */; };
		CA02F4E72B4289E50032EC50 /* CustomTableViewCell.swift in Sources */ = {isa = PBXBuildFile; fileRef = CA02F4E62B4289E50032EC50 /* CustomTableViewCell.swift */; };
		CA8C5BF02B5F890300F35165 /* CalendarView.swift in Sources */ = {isa = PBXBuildFile; fileRef = CA8C5BEF2B5F890300F35165 /* CalendarView.swift */; };
		CA8C5C232B65DA7800F35165 /* APIData.swift in Sources */ = {isa = PBXBuildFile; fileRef = CA8C5C212B65DA7700F35165 /* APIData.swift */; };
		CA8C5C242B65DA7800F35165 /* APIModel.swift in Sources */ = {isa = PBXBuildFile; fileRef = CA8C5C222B65DA7800F35165 /* APIModel.swift */; };
		CA8C5C292B65DA8400F35165 /* BottomView.swift in Sources */ = {isa = PBXBuildFile; fileRef = CA8C5C252B65DA8300F35165 /* BottomView.swift */; };
		CA8C5C2A2B65DA8400F35165 /* FoodItemCell.swift in Sources */ = {isa = PBXBuildFile; fileRef = CA8C5C262B65DA8400F35165 /* FoodItemCell.swift */; };
		CA8C5C2B2B65DA8400F35165 /* APICall.swift in Sources */ = {isa = PBXBuildFile; fileRef = CA8C5C272B65DA8400F35165 /* APICall.swift */; };
		CA8C5C2C2B65DA8400F35165 /* FoodSelectionViewController.swift in Sources */ = {isa = PBXBuildFile; fileRef = CA8C5C282B65DA8400F35165 /* FoodSelectionViewController.swift */; };
		CA8C5C2E2B65DA8D00F35165 /* FoodNavigationBar.swift in Sources */ = {isa = PBXBuildFile; fileRef = CA8C5C2D2B65DA8D00F35165 /* FoodNavigationBar.swift */; };
		CABD7CB52B5E1ADA00C0615F /* CustomNavigationBar.swift in Sources */ = {isa = PBXBuildFile; fileRef = CABD7CB42B5E1ADA00C0615F /* CustomNavigationBar.swift */; };
		CAC7EB7C2B4432050044FB96 /* DiaryData.swift in Sources */ = {isa = PBXBuildFile; fileRef = CAC7EB7B2B4432050044FB96 /* DiaryData.swift */; };
		CAC7EB7E2B456AEE0044FB96 /* PremiumTableViewCell.swift in Sources */ = {isa = PBXBuildFile; fileRef = CAC7EB7D2B456AEE0044FB96 /* PremiumTableViewCell.swift */; };
		CAC7EB822B46B3B30044FB96 /* LinksTableViewCell.swift in Sources */ = {isa = PBXBuildFile; fileRef = CAC7EB812B46B3B30044FB96 /* LinksTableViewCell.swift */; };
		CAC7EBC82B4A4F3D0044FB96 /* OuterTableViewCell.swift in Sources */ = {isa = PBXBuildFile; fileRef = CAC7EBC72B4A4F3D0044FB96 /* OuterTableViewCell.swift */; };
		CAC7EBCA2B4A4F870044FB96 /* MealHeadingTableViewCell.swift in Sources */ = {isa = PBXBuildFile; fileRef = CAC7EBC92B4A4F870044FB96 /* MealHeadingTableViewCell.swift */; };
		CAC7EBCC2B4A9E680044FB96 /* MealCountTableViewCell.swift in Sources */ = {isa = PBXBuildFile; fileRef = CAC7EBCB2B4A9E680044FB96 /* MealCountTableViewCell.swift */; };
		CAC7EBCE2B4AB8B50044FB96 /* MealFooterTableViewCell.swift in Sources */ = {isa = PBXBuildFile; fileRef = CAC7EBCD2B4AB8B50044FB96 /* MealFooterTableViewCell.swift */; };
		CAC7EBD02B4B55F60044FB96 /* MealItemsTableViewCell.swift in Sources */ = {isa = PBXBuildFile; fileRef = CAC7EBCF2B4B55F60044FB96 /* MealItemsTableViewCell.swift */; };
		CAC7EBD22B4BE4F90044FB96 /* DiaryModel.swift in Sources */ = {isa = PBXBuildFile; fileRef = CAC7EBD12B4BE4F90044FB96 /* DiaryModel.swift */; };
		CAC7EBF82B54B2370044FB96 /* SummaryDataTableViewCell.swift in Sources */ = {isa = PBXBuildFile; fileRef = CAC7EBF72B54B2370044FB96 /* SummaryDataTableViewCell.swift */; };
/* End PBXBuildFile section */

/* Begin PBXFileReference section */
		269E2490A360DDAC8B6DAF05 /* Pods-FatSecretAnup.debug.xcconfig */ = {isa = PBXFileReference; includeInIndex = 1; lastKnownFileType = text.xcconfig; name = "Pods-FatSecretAnup.debug.xcconfig"; path = "Target Support Files/Pods-FatSecretAnup/Pods-FatSecretAnup.debug.xcconfig"; sourceTree = "<group>"; };
		2F5589ABC49FD2FB2B16A100 /* Pods_FatSecretAnup.framework */ = {isa = PBXFileReference; explicitFileType = wrapper.framework; includeInIndex = 0; path = Pods_FatSecretAnup.framework; sourceTree = BUILT_PRODUCTS_DIR; };
		63880CC1257538AE5A34407D /* Pods-FatSecretAnup.release.xcconfig */ = {isa = PBXFileReference; includeInIndex = 1; lastKnownFileType = text.xcconfig; name = "Pods-FatSecretAnup.release.xcconfig"; path = "Target Support Files/Pods-FatSecretAnup/Pods-FatSecretAnup.release.xcconfig"; sourceTree = "<group>"; };
		CA02F3F32B324A370032EC50 /* FatSecretAnup.app */ = {isa = PBXFileReference; explicitFileType = wrapper.application; includeInIndex = 0; path = FatSecretAnup.app; sourceTree = BUILT_PRODUCTS_DIR; };
		CA02F3F62B324A370032EC50 /* AppDelegate.swift */ = {isa = PBXFileReference; lastKnownFileType = sourcecode.swift; path = AppDelegate.swift; sourceTree = "<group>"; };
		CA02F3F82B324A370032EC50 /* SceneDelegate.swift */ = {isa = PBXFileReference; lastKnownFileType = sourcecode.swift; path = SceneDelegate.swift; sourceTree = "<group>"; };
		CA02F3FF2B324A390032EC50 /* Assets.xcassets */ = {isa = PBXFileReference; lastKnownFileType = folder.assetcatalog; path = Assets.xcassets; sourceTree = "<group>"; };
		CA02F4022B324A390032EC50 /* Base */ = {isa = PBXFileReference; lastKnownFileType = file.storyboard; name = Base; path = Base.lproj/LaunchScreen.storyboard; sourceTree = "<group>"; };
		CA02F4042B324A390032EC50 /* Info.plist */ = {isa = PBXFileReference; lastKnownFileType = text.plist.xml; path = Info.plist; sourceTree = "<group>"; };
		CA02F40A2B3266220032EC50 /* DiaryViewController.swift */ = {isa = PBXFileReference; lastKnownFileType = sourcecode.swift; path = DiaryViewController.swift; sourceTree = "<group>"; };
		CA02F40C2B3266CA0032EC50 /* PremiumViewController.swift */ = {isa = PBXFileReference; lastKnownFileType = sourcecode.swift; path = PremiumViewController.swift; sourceTree = "<group>"; };
		CA02F40E2B327E960032EC50 /* TabBarController.swift */ = {isa = PBXFileReference; lastKnownFileType = sourcecode.swift; path = TabBarController.swift; sourceTree = "<group>"; };
		CA02F4102B33F8730032EC50 /* HomeViewController.swift */ = {isa = PBXFileReference; lastKnownFileType = sourcecode.swift; path = HomeViewController.swift; sourceTree = "<group>"; };
		CA02F4122B3400FD0032EC50 /* ReportsViewController.swift */ = {isa = PBXFileReference; lastKnownFileType = sourcecode.swift; path = ReportsViewController.swift; sourceTree = "<group>"; };
		CA02F4142B3406FD0032EC50 /* MeViewController.swift */ = {isa = PBXFileReference; lastKnownFileType = sourcecode.swift; path = MeViewController.swift; sourceTree = "<group>"; };
		CA02F4162B3505E10032EC50 /* GeneralExtensions.swift */ = {isa = PBXFileReference; lastKnownFileType = sourcecode.swift; path = GeneralExtensions.swift; sourceTree = "<group>"; };
		CA02F4182B381A060032EC50 /* TabBarViewModel.swift */ = {isa = PBXFileReference; lastKnownFileType = sourcecode.swift; path = TabBarViewModel.swift; sourceTree = "<group>"; };
		CA02F41D2B38200D0032EC50 /* TabBarModel.swift */ = {isa = PBXFileReference; lastKnownFileType = sourcecode.swift; path = TabBarModel.swift; sourceTree = "<group>"; };
		CA02F4202B3820A30032EC50 /* TabBarData.swift */ = {isa = PBXFileReference; lastKnownFileType = sourcecode.swift; path = TabBarData.swift; sourceTree = "<group>"; };
		CA02F4252B3AA45E0032EC50 /* DiaryViewModel.swift */ = {isa = PBXFileReference; lastKnownFileType = sourcecode.swift; path = DiaryViewModel.swift; sourceTree = "<group>"; };
		CA02F4292B3AAD070032EC50 /* HomeViewModel.swift */ = {isa = PBXFileReference; lastKnownFileType = sourcecode.swift; path = HomeViewModel.swift; sourceTree = "<group>"; };
		CA02F42B2B3AB1EC0032EC50 /* MeViewModel.swift */ = {isa = PBXFileReference; lastKnownFileType = sourcecode.swift; path = MeViewModel.swift; sourceTree = "<group>"; };
		CA02F42D2B3AB2000032EC50 /* ReportsViewModel.swift */ = {isa = PBXFileReference; lastKnownFileType = sourcecode.swift; path = ReportsViewModel.swift; sourceTree = "<group>"; };
		CA02F42F2B3AB2130032EC50 /* PremiumViewModel.swift */ = {isa = PBXFileReference; lastKnownFileType = sourcecode.swift; path = PremiumViewModel.swift; sourceTree = "<group>"; };
		CA02F4E22B41A2BA0032EC50 /* CustomCollectionViewCell.swift */ = {isa = PBXFileReference; fileEncoding = 4; lastKnownFileType = sourcecode.swift; path = CustomCollectionViewCell.swift; sourceTree = "<group>"; };
		CA02F4E62B4289E50032EC50 /* CustomTableViewCell.swift */ = {isa = PBXFileReference; lastKnownFileType = sourcecode.swift; path = CustomTableViewCell.swift; sourceTree = "<group>"; };
		CA8C5BEF2B5F890300F35165 /* CalendarView.swift */ = {isa = PBXFileReference; lastKnownFileType = sourcecode.swift; path = CalendarView.swift; sourceTree = "<group>"; };
		CA8C5C212B65DA7700F35165 /* APIData.swift */ = {isa = PBXFileReference; fileEncoding = 4; lastKnownFileType = sourcecode.swift; path = APIData.swift; sourceTree = "<group>"; };
		CA8C5C222B65DA7800F35165 /* APIModel.swift */ = {isa = PBXFileReference; fileEncoding = 4; lastKnownFileType = sourcecode.swift; path = APIModel.swift; sourceTree = "<group>"; };
		CA8C5C252B65DA8300F35165 /* BottomView.swift */ = {isa = PBXFileReference; fileEncoding = 4; lastKnownFileType = sourcecode.swift; path = BottomView.swift; sourceTree = "<group>"; };
		CA8C5C262B65DA8400F35165 /* FoodItemCell.swift */ = {isa = PBXFileReference; fileEncoding = 4; lastKnownFileType = sourcecode.swift; path = FoodItemCell.swift; sourceTree = "<group>"; };
		CA8C5C272B65DA8400F35165 /* APICall.swift */ = {isa = PBXFileReference; fileEncoding = 4; lastKnownFileType = sourcecode.swift; path = APICall.swift; sourceTree = "<group>"; };
		CA8C5C282B65DA8400F35165 /* FoodSelectionViewController.swift */ = {isa = PBXFileReference; fileEncoding = 4; lastKnownFileType = sourcecode.swift; path = FoodSelectionViewController.swift; sourceTree = "<group>"; };
		CA8C5C2D2B65DA8D00F35165 /* FoodNavigationBar.swift */ = {isa = PBXFileReference; fileEncoding = 4; lastKnownFileType = sourcecode.swift; path = FoodNavigationBar.swift; sourceTree = "<group>"; };
		CABD7CB42B5E1ADA00C0615F /* CustomNavigationBar.swift */ = {isa = PBXFileReference; fileEncoding = 4; lastKnownFileType = sourcecode.swift; path = CustomNavigationBar.swift; sourceTree = "<group>"; };
		CAC7EB7B2B4432050044FB96 /* DiaryData.swift */ = {isa = PBXFileReference; lastKnownFileType = sourcecode.swift; path = DiaryData.swift; sourceTree = "<group>"; };
		CAC7EB7D2B456AEE0044FB96 /* PremiumTableViewCell.swift */ = {isa = PBXFileReference; lastKnownFileType = sourcecode.swift; path = PremiumTableViewCell.swift; sourceTree = "<group>"; };
		CAC7EB812B46B3B30044FB96 /* LinksTableViewCell.swift */ = {isa = PBXFileReference; lastKnownFileType = sourcecode.swift; path = LinksTableViewCell.swift; sourceTree = "<group>"; };
		CAC7EBC72B4A4F3D0044FB96 /* OuterTableViewCell.swift */ = {isa = PBXFileReference; fileEncoding = 4; lastKnownFileType = sourcecode.swift; path = OuterTableViewCell.swift; sourceTree = "<group>"; };
		CAC7EBC92B4A4F870044FB96 /* MealHeadingTableViewCell.swift */ = {isa = PBXFileReference; fileEncoding = 4; lastKnownFileType = sourcecode.swift; path = MealHeadingTableViewCell.swift; sourceTree = "<group>"; };
		CAC7EBCB2B4A9E680044FB96 /* MealCountTableViewCell.swift */ = {isa = PBXFileReference; lastKnownFileType = sourcecode.swift; path = MealCountTableViewCell.swift; sourceTree = "<group>"; };
		CAC7EBCD2B4AB8B50044FB96 /* MealFooterTableViewCell.swift */ = {isa = PBXFileReference; lastKnownFileType = sourcecode.swift; path = MealFooterTableViewCell.swift; sourceTree = "<group>"; };
		CAC7EBCF2B4B55F60044FB96 /* MealItemsTableViewCell.swift */ = {isa = PBXFileReference; lastKnownFileType = sourcecode.swift; path = MealItemsTableViewCell.swift; sourceTree = "<group>"; };
		CAC7EBD12B4BE4F90044FB96 /* DiaryModel.swift */ = {isa = PBXFileReference; lastKnownFileType = sourcecode.swift; path = DiaryModel.swift; sourceTree = "<group>"; };
		CAC7EBF72B54B2370044FB96 /* SummaryDataTableViewCell.swift */ = {isa = PBXFileReference; lastKnownFileType = sourcecode.swift; path = SummaryDataTableViewCell.swift; sourceTree = "<group>"; };
/* End PBXFileReference section */

/* Begin PBXFrameworksBuildPhase section */
		CA02F3F02B324A370032EC50 /* Frameworks */ = {
			isa = PBXFrameworksBuildPhase;
			buildActionMask = 2147483647;
			files = (
				A17248BB295EAC63B449EFC7 /* Pods_FatSecretAnup.framework in Frameworks */,
			);
			runOnlyForDeploymentPostprocessing = 0;
		};
/* End PBXFrameworksBuildPhase section */

/* Begin PBXGroup section */
		8177721CC8D63CE7BCAD6B04 /* Pods */ = {
			isa = PBXGroup;
			children = (
				269E2490A360DDAC8B6DAF05 /* Pods-FatSecretAnup.debug.xcconfig */,
				63880CC1257538AE5A34407D /* Pods-FatSecretAnup.release.xcconfig */,
			);
			path = Pods;
			sourceTree = "<group>";
		};
		CA02F3EA2B324A370032EC50 = {
			isa = PBXGroup;
			children = (
				CA02F3F52B324A370032EC50 /* FatSecretAnup */,
				CA02F3F42B324A370032EC50 /* Products */,
				8177721CC8D63CE7BCAD6B04 /* Pods */,
				D52DBFC48049E803807ECEA5 /* Frameworks */,
			);
			sourceTree = "<group>";
		};
		CA02F3F42B324A370032EC50 /* Products */ = {
			isa = PBXGroup;
			children = (
				CA02F3F32B324A370032EC50 /* FatSecretAnup.app */,
			);
			name = Products;
			sourceTree = "<group>";
		};
		CA02F3F52B324A370032EC50 /* FatSecretAnup */ = {
			isa = PBXGroup;
			children = (
				CA02F41C2B381FE50032EC50 /* Model */,
				CA02F41B2B381F910032EC50 /* ViewModel */,
				CA02F41A2B381EED0032EC50 /* View */,
				CA02F3F62B324A370032EC50 /* AppDelegate.swift */,
				CA02F3F82B324A370032EC50 /* SceneDelegate.swift */,
				CA02F3FF2B324A390032EC50 /* Assets.xcassets */,
				CA02F4012B324A390032EC50 /* LaunchScreen.storyboard */,
				CA02F4042B324A390032EC50 /* Info.plist */,
			);
			path = FatSecretAnup;
			sourceTree = "<group>";
		};
		CA02F41A2B381EED0032EC50 /* View */ = {
			isa = PBXGroup;
			children = (
				CA8C5C202B65DA5000F35165 /* FoodSelector */,
				CABD7CB12B5DFB3F00C0615F /* DiaryViewController */,
				CA02F40C2B3266CA0032EC50 /* PremiumViewController.swift */,
				CA02F40E2B327E960032EC50 /* TabBarController.swift */,
				CA02F4102B33F8730032EC50 /* HomeViewController.swift */,
				CA02F4E22B41A2BA0032EC50 /* CustomCollectionViewCell.swift */,
				CA02F4122B3400FD0032EC50 /* ReportsViewController.swift */,
				CA02F4142B3406FD0032EC50 /* MeViewController.swift */,
				CA02F4222B3855580032EC50 /* Extensions */,
			);
			path = View;
			sourceTree = "<group>";
		};
		CA02F41B2B381F910032EC50 /* ViewModel */ = {
			isa = PBXGroup;
			children = (
				CA02F4182B381A060032EC50 /* TabBarViewModel.swift */,
				CA02F4252B3AA45E0032EC50 /* DiaryViewModel.swift */,
				CA02F4292B3AAD070032EC50 /* HomeViewModel.swift */,
				CA02F42B2B3AB1EC0032EC50 /* MeViewModel.swift */,
				CA02F42D2B3AB2000032EC50 /* ReportsViewModel.swift */,
				CA02F42F2B3AB2130032EC50 /* PremiumViewModel.swift */,
			);
			path = ViewModel;
			sourceTree = "<group>";
		};
		CA02F41C2B381FE50032EC50 /* Model */ = {
			isa = PBXGroup;
			children = (
				CA02F41D2B38200D0032EC50 /* TabBarModel.swift */,
				CAC7EBD12B4BE4F90044FB96 /* DiaryModel.swift */,
				CA02F41F2B38206C0032EC50 /* Data */,
			);
			path = Model;
			sourceTree = "<group>";
		};
		CA02F41F2B38206C0032EC50 /* Data */ = {
			isa = PBXGroup;
			children = (
				CA02F4202B3820A30032EC50 /* TabBarData.swift */,
				CAC7EB7B2B4432050044FB96 /* DiaryData.swift */,
			);
			path = Data;
			sourceTree = "<group>";
		};
		CA02F4222B3855580032EC50 /* Extensions */ = {
			isa = PBXGroup;
			children = (
				CA02F4162B3505E10032EC50 /* GeneralExtensions.swift */,
			);
			path = Extensions;
			sourceTree = "<group>";
		};
		CA8C5C202B65DA5000F35165 /* FoodSelector */ = {
			isa = PBXGroup;
			children = (
				CA8C5C2D2B65DA8D00F35165 /* FoodNavigationBar.swift */,
				CA8C5C212B65DA7700F35165 /* APIData.swift */,
				CA8C5C222B65DA7800F35165 /* APIModel.swift */,
				CA8C5C272B65DA8400F35165 /* APICall.swift */,
				CA8C5C252B65DA8300F35165 /* BottomView.swift */,
				CA8C5C262B65DA8400F35165 /* FoodItemCell.swift */,
				CA8C5C282B65DA8400F35165 /* FoodSelectionViewController.swift */,
			);
			path = FoodSelector;
			sourceTree = "<group>";
		};
		CABD7CB12B5DFB3F00C0615F /* DiaryViewController */ = {
			isa = PBXGroup;
			children = (
				CABD7CB42B5E1ADA00C0615F /* CustomNavigationBar.swift */,
				CA8C5BEF2B5F890300F35165 /* CalendarView.swift */,
				CA02F40A2B3266220032EC50 /* DiaryViewController.swift */,
				CABD7CB32B5E1A0100C0615F /* OuterTableViewCells */,
				CABD7CB22B5E194C00C0615F /* InnerTableViewCells */,
			);
			path = DiaryViewController;
			sourceTree = "<group>";
		};
		CABD7CB22B5E194C00C0615F /* InnerTableViewCells */ = {
			isa = PBXGroup;
			children = (
				CAC7EBC92B4A4F870044FB96 /* MealHeadingTableViewCell.swift */,
				CAC7EBCD2B4AB8B50044FB96 /* MealFooterTableViewCell.swift */,
				CAC7EBCB2B4A9E680044FB96 /* MealCountTableViewCell.swift */,
				CAC7EBCF2B4B55F60044FB96 /* MealItemsTableViewCell.swift */,
			);
			path = InnerTableViewCells;
			sourceTree = "<group>";
		};
		CABD7CB32B5E1A0100C0615F /* OuterTableViewCells */ = {
			isa = PBXGroup;
			children = (
				CA02F4E62B4289E50032EC50 /* CustomTableViewCell.swift */,
				CAC7EB7D2B456AEE0044FB96 /* PremiumTableViewCell.swift */,
				CAC7EBF72B54B2370044FB96 /* SummaryDataTableViewCell.swift */,
				CAC7EB812B46B3B30044FB96 /* LinksTableViewCell.swift */,
				CAC7EBC72B4A4F3D0044FB96 /* OuterTableViewCell.swift */,
			);
			path = OuterTableViewCells;
			sourceTree = "<group>";
		};
		D52DBFC48049E803807ECEA5 /* Frameworks */ = {
			isa = PBXGroup;
			children = (
				2F5589ABC49FD2FB2B16A100 /* Pods_FatSecretAnup.framework */,
			);
			name = Frameworks;
			sourceTree = "<group>";
		};
/* End PBXGroup section */

/* Begin PBXNativeTarget section */
		CA02F3F22B324A370032EC50 /* FatSecretAnup */ = {
			isa = PBXNativeTarget;
			buildConfigurationList = CA02F4072B324A390032EC50 /* Build configuration list for PBXNativeTarget "FatSecretAnup" */;
			buildPhases = (
				477A06F0BDFFA2DF92607997 /* [CP] Check Pods Manifest.lock */,
				CA02F3EF2B324A370032EC50 /* Sources */,
				CA02F3F02B324A370032EC50 /* Frameworks */,
				CA02F3F12B324A370032EC50 /* Resources */,
				28DFC75ADFA3EF86B4064D5D /* [CP] Embed Pods Frameworks */,
			);
			buildRules = (
			);
			dependencies = (
			);
			name = FatSecretAnup;
			productName = FatSecretAnup;
			productReference = CA02F3F32B324A370032EC50 /* FatSecretAnup.app */;
			productType = "com.apple.product-type.application";
		};
/* End PBXNativeTarget section */

/* Begin PBXProject section */
		CA02F3EB2B324A370032EC50 /* Project object */ = {
			isa = PBXProject;
			attributes = {
				BuildIndependentTargetsInParallel = 1;
				LastSwiftUpdateCheck = 1430;
				LastUpgradeCheck = 1430;
				TargetAttributes = {
					CA02F3F22B324A370032EC50 = {
						CreatedOnToolsVersion = 14.3.1;
					};
				};
			};
			buildConfigurationList = CA02F3EE2B324A370032EC50 /* Build configuration list for PBXProject "FatSecretAnup" */;
			compatibilityVersion = "Xcode 14.0";
			developmentRegion = en;
			hasScannedForEncodings = 0;
			knownRegions = (
				en,
				Base,
			);
			mainGroup = CA02F3EA2B324A370032EC50;
			productRefGroup = CA02F3F42B324A370032EC50 /* Products */;
			projectDirPath = "";
			projectRoot = "";
			targets = (
				CA02F3F22B324A370032EC50 /* FatSecretAnup */,
			);
		};
/* End PBXProject section */

/* Begin PBXResourcesBuildPhase section */
		CA02F3F12B324A370032EC50 /* Resources */ = {
			isa = PBXResourcesBuildPhase;
			buildActionMask = 2147483647;
			files = (
				CA02F4032B324A390032EC50 /* LaunchScreen.storyboard in Resources */,
				CA02F4002B324A390032EC50 /* Assets.xcassets in Resources */,
			);
			runOnlyForDeploymentPostprocessing = 0;
		};
/* End PBXResourcesBuildPhase section */

/* Begin PBXShellScriptBuildPhase section */
		28DFC75ADFA3EF86B4064D5D /* [CP] Embed Pods Frameworks */ = {
			isa = PBXShellScriptBuildPhase;
			buildActionMask = 2147483647;
			files = (
			);
			inputFileListPaths = (
				"${PODS_ROOT}/Target Support Files/Pods-FatSecretAnup/Pods-FatSecretAnup-frameworks-${CONFIGURATION}-input-files.xcfilelist",
			);
			name = "[CP] Embed Pods Frameworks";
			outputFileListPaths = (
				"${PODS_ROOT}/Target Support Files/Pods-FatSecretAnup/Pods-FatSecretAnup-frameworks-${CONFIGURATION}-output-files.xcfilelist",
			);
			runOnlyForDeploymentPostprocessing = 0;
			shellPath = /bin/sh;
			shellScript = "\"${PODS_ROOT}/Target Support Files/Pods-FatSecretAnup/Pods-FatSecretAnup-frameworks.sh\"\n";
			showEnvVarsInLog = 0;
		};
		477A06F0BDFFA2DF92607997 /* [CP] Check Pods Manifest.lock */ = {
			isa = PBXShellScriptBuildPhase;
			buildActionMask = 2147483647;
			files = (
			);
			inputFileListPaths = (
			);
			inputPaths = (
				"${PODS_PODFILE_DIR_PATH}/Podfile.lock",
				"${PODS_ROOT}/Manifest.lock",
			);
			name = "[CP] Check Pods Manifest.lock";
			outputFileListPaths = (
			);
			outputPaths = (
				"$(DERIVED_FILE_DIR)/Pods-FatSecretAnup-checkManifestLockResult.txt",
			);
			runOnlyForDeploymentPostprocessing = 0;
			shellPath = /bin/sh;
			shellScript = "diff \"${PODS_PODFILE_DIR_PATH}/Podfile.lock\" \"${PODS_ROOT}/Manifest.lock\" > /dev/null\nif [ $? != 0 ] ; then\n    # print error to STDERR\n    echo \"error: The sandbox is not in sync with the Podfile.lock. Run 'pod install' or update your CocoaPods installation.\" >&2\n    exit 1\nfi\n# This output is used by Xcode 'outputs' to avoid re-running this script phase.\necho \"SUCCESS\" > \"${SCRIPT_OUTPUT_FILE_0}\"\n";
			showEnvVarsInLog = 0;
		};
/* End PBXShellScriptBuildPhase section */

/* Begin PBXSourcesBuildPhase section */
		CA02F3EF2B324A370032EC50 /* Sources */ = {
			isa = PBXSourcesBuildPhase;
			buildActionMask = 2147483647;
			files = (
				CAC7EB822B46B3B30044FB96 /* LinksTableViewCell.swift in Sources */,
				CA02F41E2B38200D0032EC50 /* TabBarModel.swift in Sources */,
				CA02F4212B3820A30032EC50 /* TabBarData.swift in Sources */,
				CA02F4192B381A060032EC50 /* TabBarViewModel.swift in Sources */,
				CA8C5C242B65DA7800F35165 /* APIModel.swift in Sources */,
				CAC7EBCC2B4A9E680044FB96 /* MealCountTableViewCell.swift in Sources */,
				CAC7EBCA2B4A4F870044FB96 /* MealHeadingTableViewCell.swift in Sources */,
				CA02F4E72B4289E50032EC50 /* CustomTableViewCell.swift in Sources */,
				CAC7EB7E2B456AEE0044FB96 /* PremiumTableViewCell.swift in Sources */,
				CA02F4132B3400FD0032EC50 /* ReportsViewController.swift in Sources */,
				CA02F4302B3AB2130032EC50 /* PremiumViewModel.swift in Sources */,
				CA02F4E32B41A2BA0032EC50 /* CustomCollectionViewCell.swift in Sources */,
				CA8C5C2A2B65DA8400F35165 /* FoodItemCell.swift in Sources */,
				CAC7EBCE2B4AB8B50044FB96 /* MealFooterTableViewCell.swift in Sources */,
				CA8C5BF02B5F890300F35165 /* CalendarView.swift in Sources */,
				CAC7EBD22B4BE4F90044FB96 /* DiaryModel.swift in Sources */,
				CA8C5C292B65DA8400F35165 /* BottomView.swift in Sources */,
				CAC7EBF82B54B2370044FB96 /* SummaryDataTableViewCell.swift in Sources */,
				CA02F4172B3505E10032EC50 /* GeneralExtensions.swift in Sources */,
				CA8C5C2E2B65DA8D00F35165 /* FoodNavigationBar.swift in Sources */,
				CA02F40D2B3266CA0032EC50 /* PremiumViewController.swift in Sources */,
				CA02F4152B3406FD0032EC50 /* MeViewController.swift in Sources */,
				CA02F42E2B3AB2000032EC50 /* ReportsViewModel.swift in Sources */,
				CA02F40B2B3266220032EC50 /* DiaryViewController.swift in Sources */,
				CAC7EB7C2B4432050044FB96 /* DiaryData.swift in Sources */,
				CA02F40F2B327E960032EC50 /* TabBarController.swift in Sources */,
				CA02F42C2B3AB1EC0032EC50 /* MeViewModel.swift in Sources */,
				CA8C5C2B2B65DA8400F35165 /* APICall.swift in Sources */,
				CA02F3F72B324A370032EC50 /* AppDelegate.swift in Sources */,
				CA02F3F92B324A370032EC50 /* SceneDelegate.swift in Sources */,
				CABD7CB52B5E1ADA00C0615F /* CustomNavigationBar.swift in Sources */,
				CA02F4262B3AA45F0032EC50 /* DiaryViewModel.swift in Sources */,
				CAC7EBC82B4A4F3D0044FB96 /* OuterTableViewCell.swift in Sources */,
				CA8C5C232B65DA7800F35165 /* APIData.swift in Sources */,
				CA8C5C2C2B65DA8400F35165 /* FoodSelectionViewController.swift in Sources */,
				CA02F42A2B3AAD070032EC50 /* HomeViewModel.swift in Sources */,
				CA02F4112B33F8730032EC50 /* HomeViewController.swift in Sources */,
				CAC7EBD02B4B55F60044FB96 /* MealItemsTableViewCell.swift in Sources */,
			);
			runOnlyForDeploymentPostprocessing = 0;
		};
/* End PBXSourcesBuildPhase section */

/* Begin PBXVariantGroup section */
		CA02F4012B324A390032EC50 /* LaunchScreen.storyboard */ = {
			isa = PBXVariantGroup;
			children = (
				CA02F4022B324A390032EC50 /* Base */,
			);
			name = LaunchScreen.storyboard;
			sourceTree = "<group>";
		};
/* End PBXVariantGroup section */

/* Begin XCBuildConfiguration section */
		CA02F4052B324A390032EC50 /* Debug */ = {
			isa = XCBuildConfiguration;
			buildSettings = {
				ALWAYS_SEARCH_USER_PATHS = NO;
				CLANG_ANALYZER_NONNULL = YES;
				CLANG_ANALYZER_NUMBER_OBJECT_CONVERSION = YES_AGGRESSIVE;
				CLANG_CXX_LANGUAGE_STANDARD = "gnu++20";
				CLANG_ENABLE_MODULES = YES;
				CLANG_ENABLE_OBJC_ARC = YES;
				CLANG_ENABLE_OBJC_WEAK = YES;
				CLANG_WARN_BLOCK_CAPTURE_AUTORELEASING = YES;
				CLANG_WARN_BOOL_CONVERSION = YES;
				CLANG_WARN_COMMA = YES;
				CLANG_WARN_CONSTANT_CONVERSION = YES;
				CLANG_WARN_DEPRECATED_OBJC_IMPLEMENTATIONS = YES;
				CLANG_WARN_DIRECT_OBJC_ISA_USAGE = YES_ERROR;
				CLANG_WARN_DOCUMENTATION_COMMENTS = YES;
				CLANG_WARN_EMPTY_BODY = YES;
				CLANG_WARN_ENUM_CONVERSION = YES;
				CLANG_WARN_INFINITE_RECURSION = YES;
				CLANG_WARN_INT_CONVERSION = YES;
				CLANG_WARN_NON_LITERAL_NULL_CONVERSION = YES;
				CLANG_WARN_OBJC_IMPLICIT_RETAIN_SELF = YES;
				CLANG_WARN_OBJC_LITERAL_CONVERSION = YES;
				CLANG_WARN_OBJC_ROOT_CLASS = YES_ERROR;
				CLANG_WARN_QUOTED_INCLUDE_IN_FRAMEWORK_HEADER = YES;
				CLANG_WARN_RANGE_LOOP_ANALYSIS = YES;
				CLANG_WARN_STRICT_PROTOTYPES = YES;
				CLANG_WARN_SUSPICIOUS_MOVE = YES;
				CLANG_WARN_UNGUARDED_AVAILABILITY = YES_AGGRESSIVE;
				CLANG_WARN_UNREACHABLE_CODE = YES;
				CLANG_WARN__DUPLICATE_METHOD_MATCH = YES;
				COPY_PHASE_STRIP = NO;
				DEBUG_INFORMATION_FORMAT = dwarf;
				ENABLE_STRICT_OBJC_MSGSEND = YES;
				ENABLE_TESTABILITY = YES;
				GCC_C_LANGUAGE_STANDARD = gnu11;
				GCC_DYNAMIC_NO_PIC = NO;
				GCC_NO_COMMON_BLOCKS = YES;
				GCC_OPTIMIZATION_LEVEL = 0;
				GCC_PREPROCESSOR_DEFINITIONS = (
					"DEBUG=1",
					"$(inherited)",
				);
				GCC_WARN_64_TO_32_BIT_CONVERSION = YES;
				GCC_WARN_ABOUT_RETURN_TYPE = YES_ERROR;
				GCC_WARN_UNDECLARED_SELECTOR = YES;
				GCC_WARN_UNINITIALIZED_AUTOS = YES_AGGRESSIVE;
				GCC_WARN_UNUSED_FUNCTION = YES;
				GCC_WARN_UNUSED_VARIABLE = YES;
				IPHONEOS_DEPLOYMENT_TARGET = 16.4;
				MTL_ENABLE_DEBUG_INFO = INCLUDE_SOURCE;
				MTL_FAST_MATH = YES;
				ONLY_ACTIVE_ARCH = YES;
				SDKROOT = iphoneos;
				SWIFT_ACTIVE_COMPILATION_CONDITIONS = DEBUG;
				SWIFT_OPTIMIZATION_LEVEL = "-Onone";
			};
			name = Debug;
		};
		CA02F4062B324A390032EC50 /* Release */ = {
			isa = XCBuildConfiguration;
			buildSettings = {
				ALWAYS_SEARCH_USER_PATHS = NO;
				CLANG_ANALYZER_NONNULL = YES;
				CLANG_ANALYZER_NUMBER_OBJECT_CONVERSION = YES_AGGRESSIVE;
				CLANG_CXX_LANGUAGE_STANDARD = "gnu++20";
				CLANG_ENABLE_MODULES = YES;
				CLANG_ENABLE_OBJC_ARC = YES;
				CLANG_ENABLE_OBJC_WEAK = YES;
				CLANG_WARN_BLOCK_CAPTURE_AUTORELEASING = YES;
				CLANG_WARN_BOOL_CONVERSION = YES;
				CLANG_WARN_COMMA = YES;
				CLANG_WARN_CONSTANT_CONVERSION = YES;
				CLANG_WARN_DEPRECATED_OBJC_IMPLEMENTATIONS = YES;
				CLANG_WARN_DIRECT_OBJC_ISA_USAGE = YES_ERROR;
				CLANG_WARN_DOCUMENTATION_COMMENTS = YES;
				CLANG_WARN_EMPTY_BODY = YES;
				CLANG_WARN_ENUM_CONVERSION = YES;
				CLANG_WARN_INFINITE_RECURSION = YES;
				CLANG_WARN_INT_CONVERSION = YES;
				CLANG_WARN_NON_LITERAL_NULL_CONVERSION = YES;
				CLANG_WARN_OBJC_IMPLICIT_RETAIN_SELF = YES;
				CLANG_WARN_OBJC_LITERAL_CONVERSION = YES;
				CLANG_WARN_OBJC_ROOT_CLASS = YES_ERROR;
				CLANG_WARN_QUOTED_INCLUDE_IN_FRAMEWORK_HEADER = YES;
				CLANG_WARN_RANGE_LOOP_ANALYSIS = YES;
				CLANG_WARN_STRICT_PROTOTYPES = YES;
				CLANG_WARN_SUSPICIOUS_MOVE = YES;
				CLANG_WARN_UNGUARDED_AVAILABILITY = YES_AGGRESSIVE;
				CLANG_WARN_UNREACHABLE_CODE = YES;
				CLANG_WARN__DUPLICATE_METHOD_MATCH = YES;
				COPY_PHASE_STRIP = NO;
				DEBUG_INFORMATION_FORMAT = "dwarf-with-dsym";
				ENABLE_NS_ASSERTIONS = NO;
				ENABLE_STRICT_OBJC_MSGSEND = YES;
				GCC_C_LANGUAGE_STANDARD = gnu11;
				GCC_NO_COMMON_BLOCKS = YES;
				GCC_WARN_64_TO_32_BIT_CONVERSION = YES;
				GCC_WARN_ABOUT_RETURN_TYPE = YES_ERROR;
				GCC_WARN_UNDECLARED_SELECTOR = YES;
				GCC_WARN_UNINITIALIZED_AUTOS = YES_AGGRESSIVE;
				GCC_WARN_UNUSED_FUNCTION = YES;
				GCC_WARN_UNUSED_VARIABLE = YES;
				IPHONEOS_DEPLOYMENT_TARGET = 16.4;
				MTL_ENABLE_DEBUG_INFO = NO;
				MTL_FAST_MATH = YES;
				SDKROOT = iphoneos;
				SWIFT_COMPILATION_MODE = wholemodule;
				SWIFT_OPTIMIZATION_LEVEL = "-O";
				VALIDATE_PRODUCT = YES;
			};
			name = Release;
		};
		CA02F4082B324A390032EC50 /* Debug */ = {
			isa = XCBuildConfiguration;
			baseConfigurationReference = 269E2490A360DDAC8B6DAF05 /* Pods-FatSecretAnup.debug.xcconfig */;
			buildSettings = {
				ASSETCATALOG_COMPILER_APPICON_NAME = AppIcon;
				ASSETCATALOG_COMPILER_GLOBAL_ACCENT_COLOR_NAME = AccentColor;
				CODE_SIGN_STYLE = Automatic;
				CURRENT_PROJECT_VERSION = 1;
				DEVELOPMENT_TEAM = Q94UG63NK9;
				GENERATE_INFOPLIST_FILE = YES;
				INFOPLIST_FILE = FatSecretAnup/Info.plist;
				INFOPLIST_KEY_UIApplicationSupportsIndirectInputEvents = YES;
				INFOPLIST_KEY_UILaunchStoryboardName = LaunchScreen;
				INFOPLIST_KEY_UISupportedInterfaceOrientations_iPad = "UIInterfaceOrientationPortrait UIInterfaceOrientationPortraitUpsideDown UIInterfaceOrientationLandscapeLeft UIInterfaceOrientationLandscapeRight";
				INFOPLIST_KEY_UISupportedInterfaceOrientations_iPhone = "UIInterfaceOrientationPortrait UIInterfaceOrientationLandscapeLeft UIInterfaceOrientationLandscapeRight";
				LD_RUNPATH_SEARCH_PATHS = (
					"$(inherited)",
					"@executable_path/Frameworks",
				);
				MARKETING_VERSION = 1.0;
				PRODUCT_BUNDLE_IDENTIFIER = "https---anupkuriakose.netlify.app-.FatSecretAnup";
				PRODUCT_NAME = "$(TARGET_NAME)";
				SWIFT_EMIT_LOC_STRINGS = YES;
				SWIFT_VERSION = 5.0;
				TARGETED_DEVICE_FAMILY = "1,2";
			};
			name = Debug;
		};
		CA02F4092B324A390032EC50 /* Release */ = {
			isa = XCBuildConfiguration;
			baseConfigurationReference = 63880CC1257538AE5A34407D /* Pods-FatSecretAnup.release.xcconfig */;
			buildSettings = {
				ASSETCATALOG_COMPILER_APPICON_NAME = AppIcon;
				ASSETCATALOG_COMPILER_GLOBAL_ACCENT_COLOR_NAME = AccentColor;
				CODE_SIGN_STYLE = Automatic;
				CURRENT_PROJECT_VERSION = 1;
				DEVELOPMENT_TEAM = Q94UG63NK9;
				GENERATE_INFOPLIST_FILE = YES;
				INFOPLIST_FILE = FatSecretAnup/Info.plist;
				INFOPLIST_KEY_UIApplicationSupportsIndirectInputEvents = YES;
				INFOPLIST_KEY_UILaunchStoryboardName = LaunchScreen;
				INFOPLIST_KEY_UISupportedInterfaceOrientations_iPad = "UIInterfaceOrientationPortrait UIInterfaceOrientationPortraitUpsideDown UIInterfaceOrientationLandscapeLeft UIInterfaceOrientationLandscapeRight";
				INFOPLIST_KEY_UISupportedInterfaceOrientations_iPhone = "UIInterfaceOrientationPortrait UIInterfaceOrientationLandscapeLeft UIInterfaceOrientationLandscapeRight";
				LD_RUNPATH_SEARCH_PATHS = (
					"$(inherited)",
					"@executable_path/Frameworks",
				);
				MARKETING_VERSION = 1.0;
				PRODUCT_BUNDLE_IDENTIFIER = "https---anupkuriakose.netlify.app-.FatSecretAnup";
				PRODUCT_NAME = "$(TARGET_NAME)";
				SWIFT_EMIT_LOC_STRINGS = YES;
				SWIFT_VERSION = 5.0;
				TARGETED_DEVICE_FAMILY = "1,2";
			};
			name = Release;
		};
/* End XCBuildConfiguration section */

/* Begin XCConfigurationList section */
		CA02F3EE2B324A370032EC50 /* Build configuration list for PBXProject "FatSecretAnup" */ = {
			isa = XCConfigurationList;
			buildConfigurations = (
				CA02F4052B324A390032EC50 /* Debug */,
				CA02F4062B324A390032EC50 /* Release */,
			);
			defaultConfigurationIsVisible = 0;
			defaultConfigurationName = Release;
		};
		CA02F4072B324A390032EC50 /* Build configuration list for PBXNativeTarget "FatSecretAnup" */ = {
			isa = XCConfigurationList;
			buildConfigurations = (
				CA02F4082B324A390032EC50 /* Debug */,
				CA02F4092B324A390032EC50 /* Release */,
			);
			defaultConfigurationIsVisible = 0;
			defaultConfigurationName = Release;
		};
/* End XCConfigurationList section */
	};
	rootObject = CA02F3EB2B324A370032EC50 /* Project object */;
}
